<?xml version="1.0" encoding="utf-8"?>
<Project ToolsVersion="17.0" xmlns="http://schemas.microsoft.com/developer/msbuild/2003">
  <ItemGroup>
    <ClCompile Include="D:\Users\IvanK\Desktop\ООП\quad_equation\lib\program_graph\main.cpp">
      <Filter>Source Files</Filter>
    </ClCompile>
  </ItemGroup>
  <ItemGroup>
    <CustomBuild Include="D:\Users\IvanK\Desktop\ООП\quad_equation\lib\program_graph\CMakeLists.txt" />
  </ItemGroup>
  <ItemGroup>
    <Filter Include="Source Files">
      <UniqueIdentifier>{D2F0397B-C626-305C-824B-2E90EE24D646}</UniqueIdentifier>
    </Filter>
  </ItemGroup>
</Project>
